
Microsoft Visual Studio Solution File, Format Version 11.00
# Visual Studio 2010
Project("{CC5FD16D-436D-48AD-A40C-5A424C6E3E79}") = "BigJobService", "BigJobService\BigJobService.ccproj", "{F2167AC8-8BD4-4708-B77E-D32544BFFEB8}"
EndProject
Project("{FAE04EC0-301F-11D3-BF4B-00C04F79EFBC}") = "BigjobAzureAgent", "BigjobAzureAgent\BigjobAzureAgent.csproj", "{CEAE0167-3D0F-4800-A175-3EF54C04CB45}"
EndProject
Global
	GlobalSection(SolutionConfigurationPlatforms) = preSolution
		Debug|Any CPU = Debug|Any CPU
		Release|Any CPU = Release|Any CPU
	EndGlobalSection
	GlobalSection(ProjectConfigurationPlatforms) = postSolution
		{F2167AC8-8BD4-4708-B77E-D32544BFFEB8}.Debug|Any CPU.ActiveCfg = Debug|Any CPU
		{F2167AC8-8BD4-4708-B77E-D32544BFFEB8}.Debug|Any CPU.Build.0 = Debug|Any CPU
		{F2167AC8-8BD4-4708-B77E-D32544BFFEB8}.Release|Any CPU.ActiveCfg = Release|Any CPU
		{F2167AC8-8BD4-4708-B77E-D32544BFFEB8}.Release|Any CPU.Build.0 = Release|Any CPU
		{CEAE0167-3D0F-4800-A175-3EF54C04CB45}.Debug|Any CPU.ActiveCfg = Debug|Any CPU
		{CEAE0167-3D0F-4800-A175-3EF54C04CB45}.Debug|Any CPU.Build.0 = Debug|Any CPU
		{CEAE0167-3D0F-4800-A175-3EF54C04CB45}.Release|Any CPU.ActiveCfg = Release|Any CPU
		{CEAE0167-3D0F-4800-A175-3EF54C04CB45}.Release|Any CPU.Build.0 = Release|Any CPU
	EndGlobalSection
	GlobalSection(SolutionProperties) = preSolution
		HideSolutionNode = FALSE
	EndGlobalSection
EndGlobal
